<?xml version="1.0" encoding="utf-8"?>
<Project ToolsVersion="4.0" xmlns="http://schemas.microsoft.com/developer/msbuild/2003">
  <ItemGroup>
    <Filter Include="Classes">
      <UniqueIdentifier>{fc5cb953-2953-4968-83b3-39e3ff951754}</UniqueIdentifier>
    </Filter>
    <Filter Include="win32">
      <UniqueIdentifier>{037a9a02-b906-4cc5-ad98-304acd4e25ee}</UniqueIdentifier>
    </Filter>
    <Filter Include="resource">
      <UniqueIdentifier>{2d1d0979-58cd-4ab6-b91c-13650158f1fa}</UniqueIdentifier>
    </Filter>
    <Filter Include="Classes\Audio">
      <UniqueIdentifier>{bac8e016-a56a-4f04-8e39-a0de9555962e}</UniqueIdentifier>
    </Filter>
    <Filter Include="Classes\Classes">
      <UniqueIdentifier>{b482d347-8a2e-4ce5-a6a6-17b42b83dd29}</UniqueIdentifier>
    </Filter>
    <Filter Include="Classes\fcyLib">
      <UniqueIdentifier>{b2b3b762-dc7a-477f-b574-0087e0a1275c}</UniqueIdentifier>
    </Filter>
    <Filter Include="Classes\fcyLib\fcyMisc">
      <UniqueIdentifier>{bd92c802-0f00-4bd6-91da-325ac43ad13a}</UniqueIdentifier>
    </Filter>
    <Filter Include="Classes\fcyLib\fcyParser">
      <UniqueIdentifier>{bd098169-f1d6-412b-926a-d8a56b40dc2f}</UniqueIdentifier>
    </Filter>
    <Filter Include="Classes\LSTG">
      <UniqueIdentifier>{ebccae27-a24c-45ba-a638-d1934e759a0d}</UniqueIdentifier>
    </Filter>
    <Filter Include="Classes\LuaExtensions">
      <UniqueIdentifier>{6e02417c-0755-4f4b-ba14-24bfb68b4924}</UniqueIdentifier>
    </Filter>
    <Filter Include="Classes\LuaExtensions\lfs">
      <UniqueIdentifier>{f4f13a2d-de80-4ef5-ae41-2bf4b6a69fa1}</UniqueIdentifier>
    </Filter>
    <Filter Include="Classes\Video">
      <UniqueIdentifier>{3ab91a8e-c3c5-4afe-bdf5-81b4bb3fba13}</UniqueIdentifier>
    </Filter>
    <Filter Include="Classes\reader">
      <UniqueIdentifier>{ee17e4ac-7101-4a24-b221-77dc1ad1754c}</UniqueIdentifier>
    </Filter>
    <Filter Include="Classes\reader\animation">
      <UniqueIdentifier>{0ead97ab-d05d-40c7-99fc-5b2a4f205fb9}</UniqueIdentifier>
    </Filter>
    <Filter Include="Classes\reader\collider">
      <UniqueIdentifier>{f1bf97de-f66b-47cc-be29-3bfbc455c3cb}</UniqueIdentifier>
    </Filter>
    <Filter Include="Classes\reader\dragonbones">
      <UniqueIdentifier>{d526b03b-52d6-4431-9e8e-126a917098d8}</UniqueIdentifier>
    </Filter>
    <Filter Include="Classes\reader\flatbuffers">
      <UniqueIdentifier>{76cc8885-b8e8-4b21-8d2a-07e29207c1c3}</UniqueIdentifier>
    </Filter>
    <Filter Include="Classes\reader\lua-bindings">
      <UniqueIdentifier>{b288715b-cf6f-4ed9-aebe-2c5bf6ef166f}</UniqueIdentifier>
    </Filter>
    <Filter Include="Classes\reader\ui">
      <UniqueIdentifier>{7875ad75-ef4e-4dbf-aca7-a2db149ceee6}</UniqueIdentifier>
    </Filter>
    <Filter Include="Classes\LSTG\GameRes">
      <UniqueIdentifier>{1d0bb66a-ee61-4cfb-9d49-b779a286354c}</UniqueIdentifier>
    </Filter>
    <Filter Include="Classes\LSTG\LuaWrapper">
      <UniqueIdentifier>{c35da566-49b6-46e4-9945-6b769a65a107}</UniqueIdentifier>
    </Filter>
    <Filter Include="Classes\LSTG\LWBase">
      <UniqueIdentifier>{b6a0ac91-0d69-43e1-8bd2-2ab101aee873}</UniqueIdentifier>
    </Filter>
    <Filter Include="Classes\LSTG\util">
      <UniqueIdentifier>{33cac2ac-11f1-4917-916d-4081c72fcf5f}</UniqueIdentifier>
    </Filter>
    <Filter Include="Classes\Live2D">
      <UniqueIdentifier>{d69dc0aa-993a-470c-9f7e-2c060e073a4f}</UniqueIdentifier>
    </Filter>
    <Filter Include="Classes\Live2D\Framework">
      <UniqueIdentifier>{ca379107-b699-46e2-bbcb-e59a28c4294d}</UniqueIdentifier>
    </Filter>
    <Filter Include="Classes\Live2D\Framework\Effect">
      <UniqueIdentifier>{a4ec404f-ac14-45d6-8a26-080f1a4012cb}</UniqueIdentifier>
    </Filter>
    <Filter Include="Classes\Live2D\Framework\Id">
      <UniqueIdentifier>{e0f634c5-5c25-4fc3-ad2b-43ce8c0a7914}</UniqueIdentifier>
    </Filter>
    <Filter Include="Classes\Live2D\Framework\Math">
      <UniqueIdentifier>{b70a9695-4155-4c9c-b3bf-b0fcf4896a27}</UniqueIdentifier>
    </Filter>
    <Filter Include="Classes\Live2D\Framework\Model">
      <UniqueIdentifier>{879af09d-a594-48ab-8bb9-3273da6b56be}</UniqueIdentifier>
    </Filter>
    <Filter Include="Classes\Live2D\Framework\Motion">
      <UniqueIdentifier>{8bc96ebc-796e-4283-8722-9f18a2c0bc7e}</UniqueIdentifier>
    </Filter>
    <Filter Include="Classes\Live2D\Framework\Rendering">
      <UniqueIdentifier>{b886a73c-b94f-43a1-9248-483438af9d10}</UniqueIdentifier>
    </Filter>
    <Filter Include="Classes\Live2D\Framework\Rendering\OpenGL">
      <UniqueIdentifier>{fd94ce0b-de4d-4646-bc5b-f476be04bf2e}</UniqueIdentifier>
    </Filter>
    <Filter Include="Classes\Live2D\Framework\Physics">
      <UniqueIdentifier>{413f48ab-22b1-4f1c-9be0-bfd010eb891c}</UniqueIdentifier>
    </Filter>
    <Filter Include="Classes\Live2D\Framework\Utils">
      <UniqueIdentifier>{07d73899-0cb5-4350-ab4b-23e9a60b63c9}</UniqueIdentifier>
    </Filter>
    <Filter Include="Classes\Live2D\Framework\Type">
      <UniqueIdentifier>{fddb7689-c198-4c40-bd26-0267cc450181}</UniqueIdentifier>
    </Filter>
    <Filter Include="Classes\Audio\nqr">
      <UniqueIdentifier>{3de5fbc3-35d4-42ff-a157-6df6bc0d9c63}</UniqueIdentifier>
    </Filter>
    <Filter Include="Classes\Math">
      <UniqueIdentifier>{3ddaef08-4baf-47c0-90d1-e13e818900ab}</UniqueIdentifier>
    </Filter>
    <Filter Include="Classes\LuaBindings">
      <UniqueIdentifier>{6d369eb0-ad74-4c00-bd37-7eea15955cb2}</UniqueIdentifier>
    </Filter>
    <Filter Include="Classes\LSTG\Symbol">
      <UniqueIdentifier>{d936cb88-d942-41e6-bc77-21be596cdeed}</UniqueIdentifier>
    </Filter>
    <Filter Include="Classes\LSTG\GameComponent">
      <UniqueIdentifier>{bce51215-5b74-423d-ade9-693440502242}</UniqueIdentifier>
    </Filter>
  </ItemGroup>
  <ItemGroup>
    <ClInclude Include="main.h">
      <Filter>win32</Filter>
    </ClInclude>
    <ClInclude Include="resource.h" />
    <ClInclude Include="stdafx.h">
      <Filter>win32</Filter>
    </ClInclude>
    <ClInclude Include="targetver.h">
      <Filter>win32</Filter>
    </ClInclude>
    <ClInclude Include="..\Classes\reader\animation\AnimateClip.h">
      <Filter>Classes\reader\animation</Filter>
    </ClInclude>
    <ClInclude Include="..\Classes\reader\animation\AnimationClip.h">
      <Filter>Classes\reader\animation</Filter>
    </ClInclude>
    <ClInclude Include="..\Classes\reader\animation\AnimationClipProperties.h">
      <Filter>Classes\reader\animation</Filter>
    </ClInclude>
    <ClInclude Include="..\Classes\reader\animation\AnimationManager.h">
      <Filter>Classes\reader\animation</Filter>
    </ClInclude>
    <ClInclude Include="..\Classes\reader\animation\Bezier.h">
      <Filter>Classes\reader\animation</Filter>
    </ClInclude>
    <ClInclude Include="..\Classes\reader\animation\Easing.h">
      <Filter>Classes\reader\animation</Filter>
    </ClInclude>
    <ClInclude Include="..\Classes\reader\collider\Collider.h">
      <Filter>Classes\reader\collider</Filter>
    </ClInclude>
    <ClInclude Include="..\Classes\reader\collider\ColliderManager.h">
      <Filter>Classes\reader\collider</Filter>
    </ClInclude>
    <ClInclude Include="..\Classes\reader\collider\Contract.h">
      <Filter>Classes\reader\collider</Filter>
    </ClInclude>
    <ClInclude Include="..\Classes\reader\collider\Intersection.h">
      <Filter>Classes\reader\collider</Filter>
    </ClInclude>
    <ClInclude Include="..\Classes\reader\dragonbones\animation\Animation.h">
      <Filter>Classes\reader\dragonbones</Filter>
    </ClInclude>
    <ClInclude Include="..\Classes\reader\dragonbones\animation\AnimationState.h">
      <Filter>Classes\reader\dragonbones</Filter>
    </ClInclude>
    <ClInclude Include="..\Classes\reader\dragonbones\animation\BaseTimelineState.h">
      <Filter>Classes\reader\dragonbones</Filter>
    </ClInclude>
    <ClInclude Include="..\Classes\reader\dragonbones\animation\IAnimateble.h">
      <Filter>Classes\reader\dragonbones</Filter>
    </ClInclude>
    <ClInclude Include="..\Classes\reader\dragonbones\animation\TimelineState.h">
      <Filter>Classes\reader\dragonbones</Filter>
    </ClInclude>
    <ClInclude Include="..\Classes\reader\dragonbones\animation\WorldClock.h">
      <Filter>Classes\reader\dragonbones</Filter>
    </ClInclude>
    <ClInclude Include="..\Classes\reader\dragonbones\armature\Armature.h">
      <Filter>Classes\reader\dragonbones</Filter>
    </ClInclude>
    <ClInclude Include="..\Classes\reader\dragonbones\armature\Bone.h">
      <Filter>Classes\reader\dragonbones</Filter>
    </ClInclude>
    <ClInclude Include="..\Classes\reader\dragonbones\armature\IArmatureDisplay.h">
      <Filter>Classes\reader\dragonbones</Filter>
    </ClInclude>
    <ClInclude Include="..\Classes\reader\dragonbones\armature\Slot.h">
      <Filter>Classes\reader\dragonbones</Filter>
    </ClInclude>
    <ClInclude Include="..\Classes\reader\dragonbones\armature\TransformObject.h">
      <Filter>Classes\reader\dragonbones</Filter>
    </ClInclude>
    <ClInclude Include="..\Classes\reader\dragonbones\cocos2dx\CCArmatureDisplay.h">
      <Filter>Classes\reader\dragonbones</Filter>
    </ClInclude>
    <ClInclude Include="..\Classes\reader\dragonbones\cocos2dx\CCDragonBonesHeaders.h">
      <Filter>Classes\reader\dragonbones</Filter>
    </ClInclude>
    <ClInclude Include="..\Classes\reader\dragonbones\cocos2dx\CCFactory.h">
      <Filter>Classes\reader\dragonbones</Filter>
    </ClInclude>
    <ClInclude Include="..\Classes\reader\dragonbones\cocos2dx\CCSlot.h">
      <Filter>Classes\reader\dragonbones</Filter>
    </ClInclude>
    <ClInclude Include="..\Classes\reader\dragonbones\cocos2dx\CCTextureData.h">
      <Filter>Classes\reader\dragonbones</Filter>
    </ClInclude>
    <ClInclude Include="..\Classes\reader\dragonbones\core\BaseObject.h">
      <Filter>Classes\reader\dragonbones</Filter>
    </ClInclude>
    <ClInclude Include="..\Classes\reader\dragonbones\core\DragonBones.h">
      <Filter>Classes\reader\dragonbones</Filter>
    </ClInclude>
    <ClInclude Include="..\Classes\reader\dragonbones\DragonBonesHeaders.h">
      <Filter>Classes\reader\dragonbones</Filter>
    </ClInclude>
    <ClInclude Include="..\Classes\reader\dragonbones\events\EventObject.h">
      <Filter>Classes\reader\dragonbones</Filter>
    </ClInclude>
    <ClInclude Include="..\Classes\reader\dragonbones\factories\BaseFactory.h">
      <Filter>Classes\reader\dragonbones</Filter>
    </ClInclude>
    <ClInclude Include="..\Classes\reader\dragonbones\geom\ColorTransform.h">
      <Filter>Classes\reader\dragonbones</Filter>
    </ClInclude>
    <ClInclude Include="..\Classes\reader\dragonbones\geom\Matrix.h">
      <Filter>Classes\reader\dragonbones</Filter>
    </ClInclude>
    <ClInclude Include="..\Classes\reader\dragonbones\geom\Point.h">
      <Filter>Classes\reader\dragonbones</Filter>
    </ClInclude>
    <ClInclude Include="..\Classes\reader\dragonbones\geom\Rectangle.h">
      <Filter>Classes\reader\dragonbones</Filter>
    </ClInclude>
    <ClInclude Include="..\Classes\reader\dragonbones\geom\Transform.h">
      <Filter>Classes\reader\dragonbones</Filter>
    </ClInclude>
    <ClInclude Include="..\Classes\reader\dragonbones\model\AnimationData.h">
      <Filter>Classes\reader\dragonbones</Filter>
    </ClInclude>
    <ClInclude Include="..\Classes\reader\dragonbones\model\ArmatureData.h">
      <Filter>Classes\reader\dragonbones</Filter>
    </ClInclude>
    <ClInclude Include="..\Classes\reader\dragonbones\model\DragonBonesData.h">
      <Filter>Classes\reader\dragonbones</Filter>
    </ClInclude>
    <ClInclude Include="..\Classes\reader\dragonbones\model\FrameData.h">
      <Filter>Classes\reader\dragonbones</Filter>
    </ClInclude>
    <ClInclude Include="..\Classes\reader\dragonbones\model\TimelineData.h">
      <Filter>Classes\reader\dragonbones</Filter>
    </ClInclude>
    <ClInclude Include="..\Classes\reader\dragonbones\parsers\DataParser.h">
      <Filter>Classes\reader\dragonbones</Filter>
    </ClInclude>
    <ClInclude Include="..\Classes\reader\dragonbones\parsers\JSONDataParser.h">
      <Filter>Classes\reader\dragonbones</Filter>
    </ClInclude>
    <ClInclude Include="..\Classes\reader\dragonbones\textures\TextureData.h">
      <Filter>Classes\reader\dragonbones</Filter>
    </ClInclude>
    <ClInclude Include="..\Classes\reader\flatbuffers\code_generators.h">
      <Filter>Classes\reader\flatbuffers</Filter>
    </ClInclude>
    <ClInclude Include="..\Classes\reader\flatbuffers\flatbuffers.h">
      <Filter>Classes\reader\flatbuffers</Filter>
    </ClInclude>
    <ClInclude Include="..\Classes\reader\flatbuffers\grpc.h">
      <Filter>Classes\reader\flatbuffers</Filter>
    </ClInclude>
    <ClInclude Include="..\Classes\reader\flatbuffers\hash.h">
      <Filter>Classes\reader\flatbuffers</Filter>
    </ClInclude>
    <ClInclude Include="..\Classes\reader\flatbuffers\idl.h">
      <Filter>Classes\reader\flatbuffers</Filter>
    </ClInclude>
    <ClInclude Include="..\Classes\reader\flatbuffers\reflection.h">
      <Filter>Classes\reader\flatbuffers</Filter>
    </ClInclude>
    <ClInclude Include="..\Classes\reader\flatbuffers\reflection_generated.h">
      <Filter>Classes\reader\flatbuffers</Filter>
    </ClInclude>
    <ClInclude Include="..\Classes\reader\flatbuffers\util.h">
      <Filter>Classes\reader\flatbuffers</Filter>
    </ClInclude>
    <ClInclude Include="..\Classes\reader\lua-bindings\creator_reader_bindings.hpp">
      <Filter>Classes\reader\lua-bindings</Filter>
    </ClInclude>
    <ClInclude Include="..\Classes\reader\lua-bindings\dragonbones\lua_dragonbones_auto.hpp">
      <Filter>Classes\reader\lua-bindings</Filter>
    </ClInclude>
    <ClInclude Include="..\Classes\reader\lua-bindings\dragonbones\lua_dragonbones_manual.hpp">
      <Filter>Classes\reader\lua-bindings</Filter>
    </ClInclude>
    <ClInclude Include="..\Classes\reader\lua-bindings\reader\lua_creator_reader_auto.hpp">
      <Filter>Classes\reader\lua-bindings</Filter>
    </ClInclude>
    <ClInclude Include="..\Classes\reader\lua-bindings\reader\lua_creator_reader_manual.hpp">
      <Filter>Classes\reader\lua-bindings</Filter>
    </ClInclude>
    <ClInclude Include="..\Classes\reader\ui\PageView.h">
      <Filter>Classes\reader\ui</Filter>
    </ClInclude>
    <ClInclude Include="..\Classes\reader\ui\RichtextStringVisitor.h">
      <Filter>Classes\reader\ui</Filter>
    </ClInclude>
    <ClInclude Include="..\Classes\reader\CreatorReader_generated.h">
      <Filter>Classes\reader</Filter>
    </ClInclude>
    <ClInclude Include="..\Classes\reader\Macros.h">
      <Filter>Classes\reader</Filter>
    </ClInclude>
    <ClInclude Include="..\Classes\reader\CreatorReader.h">
      <Filter>Classes\reader</Filter>
    </ClInclude>
    <ClInclude Include="..\Classes\Audio\ALSupport.h">
      <Filter>Classes\Audio</Filter>
    </ClInclude>
    <ClInclude Include="..\Classes\Audio\AudioCache.h">
      <Filter>Classes\Audio</Filter>
    </ClInclude>
    <ClInclude Include="..\Classes\Audio\AudioDecoder.h">
      <Filter>Classes\Audio</Filter>
    </ClInclude>
    <ClInclude Include="..\Classes\Audio\AudioDecoderManager.h">
      <Filter>Classes\Audio</Filter>
    </ClInclude>
    <ClInclude Include="..\Classes\Audio\AudioDecoderOgg.h">
      <Filter>Classes\Audio</Filter>
    </ClInclude>
    <ClInclude Include="..\Classes\Audio\AudioDecoderWav.h">
      <Filter>Classes\Audio</Filter>
    </ClInclude>
    <ClInclude Include="..\Classes\Audio\AudioEngine.h">
      <Filter>Classes\Audio</Filter>
    </ClInclude>
    <ClInclude Include="..\Classes\Audio\AudioEngineImpl.h">
      <Filter>Classes\Audio</Filter>
    </ClInclude>
    <ClInclude Include="..\Classes\Audio\AudioMacros.h">
      <Filter>Classes\Audio</Filter>
    </ClInclude>
    <ClInclude Include="..\Classes\Audio\AudioParam.h">
      <Filter>Classes\Audio</Filter>
    </ClInclude>
    <ClInclude Include="..\Classes\Audio\AudioPlayer.h">
      <Filter>Classes\Audio</Filter>
    </ClInclude>
    <ClInclude Include="..\Classes\Classes\ArrayObjectPool.hpp">
      <Filter>Classes\Classes</Filter>
    </ClInclude>
    <ClInclude Include="..\Classes\Classes\ControllerHelper.h">
      <Filter>Classes\Classes</Filter>
    </ClInclude>
    <ClInclude Include="..\Classes\Classes\LabelPool.h">
      <Filter>Classes\Classes</Filter>
    </ClInclude>
    <ClInclude Include="..\Classes\Classes\MemPoolManager.h">
      <Filter>Classes\Classes</Filter>
    </ClInclude>
    <ClInclude Include="..\Classes\Classes\XFileUtils.h">
      <Filter>Classes\Classes</Filter>
    </ClInclude>
    <ClInclude Include="..\Classes\Classes\XLabel.h">
      <Filter>Classes\Classes</Filter>
    </ClInclude>
    <ClInclude Include="..\Classes\Classes\XProfiler.h">
      <Filter>Classes\Classes</Filter>
    </ClInclude>
    <ClInclude Include="..\Classes\Classes\XTrianglesCommand.h">
      <Filter>Classes\Classes</Filter>
    </ClInclude>
    <ClInclude Include="..\Classes\fcyLib\fcyMisc\fcyHash.h">
      <Filter>Classes\fcyLib\fcyMisc</Filter>
    </ClInclude>
    <ClInclude Include="..\Classes\fcyLib\fcyMisc\fcyRandom.h">
      <Filter>Classes\fcyLib\fcyMisc</Filter>
    </ClInclude>
    <ClInclude Include="..\Classes\fcyLib\fcyMisc\fcyStopWatch.h">
      <Filter>Classes\fcyLib\fcyMisc</Filter>
    </ClInclude>
    <ClInclude Include="..\Classes\fcyLib\fcyMisc\fcyStringHelper.h">
      <Filter>Classes\fcyLib\fcyMisc</Filter>
    </ClInclude>
    <ClInclude Include="..\Classes\fcyLib\fcyParser\fcyPathParser.h">
      <Filter>Classes\fcyLib\fcyParser</Filter>
    </ClInclude>
    <ClInclude Include="..\Classes\fcyLib\fcyMemPool.h">
      <Filter>Classes\fcyLib</Filter>
    </ClInclude>
    <ClInclude Include="..\Classes\fcyLib\fcyStream.h">
      <Filter>Classes\fcyLib</Filter>
    </ClInclude>
    <ClInclude Include="..\Classes\fcyLib\fcyType.h">
      <Filter>Classes\fcyLib</Filter>
    </ClInclude>
    <ClInclude Include="..\Classes\fcyLib\f2dStruct.h">
      <Filter>Classes\fcyLib</Filter>
    </ClInclude>
    <ClInclude Include="..\Classes\fcyLib\fcyBinaryHelper.h">
      <Filter>Classes\fcyLib</Filter>
    </ClInclude>
    <ClInclude Include="..\Classes\fcyLib\fcyMath.h">
      <Filter>Classes\fcyLib</Filter>
    </ClInclude>
    <ClInclude Include="..\Classes\LSTG\AppFrame.h">
      <Filter>Classes\LSTG</Filter>
    </ClInclude>
    <ClInclude Include="..\Classes\LSTG\BlendMode.h">
      <Filter>Classes\LSTG</Filter>
    </ClInclude>
    <ClInclude Include="..\Classes\LSTG\CirularQueue.hpp">
      <Filter>Classes\LSTG</Filter>
    </ClInclude>
    <ClInclude Include="..\Classes\LSTG\CollisionDetect.h">
      <Filter>Classes\LSTG</Filter>
    </ClInclude>
    <ClInclude Include="..\Classes\LSTG\Dictionary.hpp">
      <Filter>Classes\LSTG</Filter>
    </ClInclude>
    <ClInclude Include="..\Classes\LSTG\GameObjectBentLaser.h">
      <Filter>Classes\LSTG</Filter>
    </ClInclude>
    <ClInclude Include="..\Classes\LSTG\GameObjectPool.h">
      <Filter>Classes\LSTG</Filter>
    </ClInclude>
    <ClInclude Include="..\Classes\LSTG\GameObjectPropertyHash.h">
      <Filter>Classes\LSTG</Filter>
    </ClInclude>
    <ClInclude Include="..\Classes\LSTG\Global.h">
      <Filter>Classes\LSTG</Filter>
    </ClInclude>
    <ClInclude Include="..\Classes\LSTG\LogSystem.h">
      <Filter>Classes\LSTG</Filter>
    </ClInclude>
    <ClInclude Include="..\Classes\LSTG\ObjectPool.hpp">
      <Filter>Classes\LSTG</Filter>
    </ClInclude>
    <ClInclude Include="..\Classes\LSTG\ResourceMgr.h">
      <Filter>Classes\LSTG</Filter>
    </ClInclude>
    <ClInclude Include="..\Classes\LuaExtensions\lfs\lfs.h">
      <Filter>Classes\LuaExtensions\lfs</Filter>
    </ClInclude>
    <ClInclude Include="..\Classes\Video\SpriteVideo.h">
      <Filter>Classes\Video</Filter>
    </ClInclude>
    <ClInclude Include="..\Classes\Video\VideoDecoder.h">
      <Filter>Classes\Video</Filter>
    </ClInclude>
    <ClInclude Include="..\Classes\Video\VideoHeader.h">
      <Filter>Classes\Video</Filter>
    </ClInclude>
    <ClInclude Include="..\Classes\Video\VideoMacros.h">
      <Filter>Classes\Video</Filter>
    </ClInclude>
    <ClInclude Include="..\Classes\Video\VideoStruct.h">
      <Filter>Classes\Video</Filter>
    </ClInclude>
    <ClInclude Include="SimulatorWin.h">
      <Filter>win32</Filter>
    </ClInclude>
    <ClInclude Include="..\Classes\LSTG\LW_Audio.h">
      <Filter>Classes\LSTG\LWBase</Filter>
    </ClInclude>
    <ClInclude Include="..\Classes\LSTG\LW_Frame.h">
      <Filter>Classes\LSTG\LWBase</Filter>
    </ClInclude>
    <ClInclude Include="..\Classes\LSTG\LW_Graph.h">
      <Filter>Classes\LSTG\LWBase</Filter>
    </ClInclude>
    <ClInclude Include="..\Classes\LSTG\LW_Input.h">
      <Filter>Classes\LSTG\LWBase</Filter>
    </ClInclude>
    <ClInclude Include="..\Classes\LSTG\LW_Math.h">
      <Filter>Classes\LSTG\LWBase</Filter>
    </ClInclude>
    <ClInclude Include="..\Classes\LSTG\LW_Object.h">
      <Filter>Classes\LSTG\LWBase</Filter>
    </ClInclude>
    <ClInclude Include="..\Classes\LSTG\LW_Render.h">
      <Filter>Classes\LSTG\LWBase</Filter>
    </ClInclude>
    <ClInclude Include="..\Classes\LSTG\LW_Text.h">
      <Filter>Classes\LSTG\LWBase</Filter>
    </ClInclude>
    <ClInclude Include="..\Classes\LSTG\LuaWrapper.h">
      <Filter>Classes\LSTG\LuaWrapper</Filter>
    </ClInclude>
    <ClInclude Include="..\Classes\LSTG\LuaWrapperEx.h">
      <Filter>Classes\LSTG\LuaWrapper</Filter>
    </ClInclude>
    <ClInclude Include="..\Classes\LSTG\LWBuiltInFunction.h">
      <Filter>Classes\LSTG\LuaWrapper</Filter>
    </ClInclude>
    <ClInclude Include="..\Classes\LSTG\LWColor.h">
      <Filter>Classes\LSTG\LuaWrapper</Filter>
    </ClInclude>
    <ClInclude Include="..\Classes\LSTG\LWProfiler.h">
      <Filter>Classes\LSTG\LuaWrapper</Filter>
    </ClInclude>
    <ClInclude Include="..\Classes\LSTG\LWRandomizer.h">
      <Filter>Classes\LSTG\LuaWrapper</Filter>
    </ClInclude>
    <ClInclude Include="..\Classes\LSTG\ResAnimation.h">
      <Filter>Classes\LSTG\GameRes</Filter>
    </ClInclude>
    <ClInclude Include="..\Classes\LSTG\ResAudio.h">
      <Filter>Classes\LSTG\GameRes</Filter>
    </ClInclude>
    <ClInclude Include="..\Classes\LSTG\ResBase.h">
      <Filter>Classes\LSTG\GameRes</Filter>
    </ClInclude>
    <ClInclude Include="..\Classes\LSTG\ResFont.h">
      <Filter>Classes\LSTG\GameRes</Filter>
    </ClInclude>
    <ClInclude Include="..\Classes\LSTG\ResFX.h">
      <Filter>Classes\LSTG\GameRes</Filter>
    </ClInclude>
    <ClInclude Include="..\Classes\LSTG\GameResources.h">
      <Filter>Classes\LSTG\GameRes</Filter>
    </ClInclude>
    <ClInclude Include="..\Classes\LSTG\ResParticle.h">
      <Filter>Classes\LSTG\GameRes</Filter>
    </ClInclude>
    <ClInclude Include="..\Classes\LSTG\ResRenderTarget.h">
      <Filter>Classes\LSTG\GameRes</Filter>
    </ClInclude>
    <ClInclude Include="..\Classes\LSTG\ResSprite.h">
      <Filter>Classes\LSTG\GameRes</Filter>
    </ClInclude>
    <ClInclude Include="..\Classes\LSTG\ResTexture.h">
      <Filter>Classes\LSTG\GameRes</Filter>
    </ClInclude>
    <ClInclude Include="..\Classes\LSTG\UnicodeStringEncoding.h">
      <Filter>Classes\LSTG\util</Filter>
    </ClInclude>
    <ClInclude Include="..\Classes\LSTG\Utility.h">
      <Filter>Classes\LSTG\util</Filter>
    </ClInclude>
    <ClInclude Include="..\Classes\LSTG\Renderer.h">
      <Filter>Classes\LSTG</Filter>
    </ClInclude>
    <ClInclude Include="..\Classes\LSTG\InputManager.h">
      <Filter>Classes\LSTG</Filter>
    </ClInclude>
    <ClInclude Include="WindowHelperWin32.h">
      <Filter>win32</Filter>
    </ClInclude>
    <ClInclude Include="..\Classes\Classes\WindowHelper.h">
      <Filter>Classes\Classes</Filter>
    </ClInclude>
    <ClInclude Include="..\Classes\Live2D\AppMacros.h">
      <Filter>Classes\Live2D</Filter>
    </ClInclude>
    <ClInclude Include="..\Classes\Live2D\LAppAllocator.hpp">
      <Filter>Classes\Live2D</Filter>
    </ClInclude>
    <ClInclude Include="..\Classes\Live2D\LAppDefine.hpp">
      <Filter>Classes\Live2D</Filter>
    </ClInclude>
    <ClInclude Include="..\Classes\Live2D\LAppModel.hpp">
      <Filter>Classes\Live2D</Filter>
    </ClInclude>
    <ClInclude Include="..\Classes\Live2D\LAppPal.hpp">
      <Filter>Classes\Live2D</Filter>
    </ClInclude>
    <ClInclude Include="..\Classes\Live2D\XLive2D.h">
      <Filter>Classes\Live2D</Filter>
    </ClInclude>
    <ClInclude Include="..\Classes\Live2D\lua_x_L2D_auto.hpp">
      <Filter>Classes\Live2D</Filter>
    </ClInclude>
    <ClInclude Include="..\Classes\Live2D\Model.h">
      <Filter>Classes\Live2D</Filter>
    </ClInclude>
    <ClInclude Include="..\Classes\LSTG\UtilLua.h">
      <Filter>Classes\LSTG\util</Filter>
    </ClInclude>
    <ClInclude Include="..\Classes\Audio\Common.h">
      <Filter>Classes\Audio\nqr</Filter>
    </ClInclude>
    <ClInclude Include="..\Classes\Audio\Dither.h">
      <Filter>Classes\Audio\nqr</Filter>
    </ClInclude>
    <ClInclude Include="..\Classes\Audio\IMA4Util.h">
      <Filter>Classes\Audio\nqr</Filter>
    </ClInclude>
    <ClInclude Include="..\Classes\Audio\RiffUtils.h">
      <Filter>Classes\Audio\nqr</Filter>
    </ClInclude>
    <ClInclude Include="..\Classes\LSTG\UtilLuaRes.h">
      <Filter>Classes\LSTG\util</Filter>
    </ClInclude>
    <ClInclude Include="..\Classes\Math\XMath.h">
      <Filter>Classes\Math</Filter>
    </ClInclude>
    <ClInclude Include="..\Classes\Math\XComplex.h">
      <Filter>Classes\Math</Filter>
    </ClInclude>
    <ClInclude Include="..\Classes\Math\XConstant.h">
      <Filter>Classes\Math</Filter>
    </ClInclude>
    <ClInclude Include="..\Classes\Math\XCollision.h">
      <Filter>Classes\Math</Filter>
    </ClInclude>
    <ClInclude Include="..\Classes\Math\XDistance.h">
      <Filter>Classes\Math</Filter>
    </ClInclude>
    <ClInclude Include="..\Classes\Math\XEquation.h">
      <Filter>Classes\Math</Filter>
    </ClInclude>
    <ClInclude Include="..\Classes\Math\XIntersect.h">
      <Filter>Classes\Math</Filter>
    </ClInclude>
    <ClInclude Include="..\Classes\Math\XSpline.h">
      <Filter>Classes\Math</Filter>
    </ClInclude>
    <ClInclude Include="..\Classes\LSTG\UtilGLDefinition.h">
      <Filter>Classes\LSTG\util</Filter>
    </ClInclude>
    <ClInclude Include="..\Classes\LSTG\UtilColor.h">
      <Filter>Classes\LSTG\util</Filter>
    </ClInclude>
    <ClInclude Include="..\Classes\LuaBindings\lua_BentLaser_auto.hpp">
      <Filter>Classes\LuaBindings</Filter>
    </ClInclude>
    <ClInclude Include="..\Classes\LuaBindings\lua_BlendMode_auto.hpp">
      <Filter>Classes\LuaBindings</Filter>
    </ClInclude>
    <ClInclude Include="..\Classes\LuaBindings\lua_LogSystem_auto.hpp">
      <Filter>Classes\LuaBindings</Filter>
    </ClInclude>
    <ClInclude Include="..\Classes\LuaBindings\lua_Random_auto.hpp">
      <Filter>Classes\LuaBindings</Filter>
    </ClInclude>
    <ClInclude Include="..\Classes\LuaBindings\lua_Resource_auto.hpp">
      <Filter>Classes\LuaBindings</Filter>
    </ClInclude>
    <ClInclude Include="..\Classes\Math\meow_fft.h">
      <Filter>Classes\Math</Filter>
    </ClInclude>
    <ClInclude Include="..\Classes\Math\XFFT.h">
      <Filter>Classes\Math</Filter>
    </ClInclude>
    <ClInclude Include="..\Classes\Math\XRandom.h">
      <Filter>Classes\Math</Filter>
    </ClInclude>
    <ClInclude Include="..\Classes\Classes\Randomizer.h">
      <Filter>Classes\Classes</Filter>
    </ClInclude>
    <ClInclude Include="..\Classes\LuaBindings\lua_ObjSym_auto.hpp">
      <Filter>Classes\LuaBindings</Filter>
    </ClInclude>
    <ClInclude Include="..\Classes\LSTG\GameObjectSymbol.h">
      <Filter>Classes\LSTG\Symbol</Filter>
    </ClInclude>
    <ClInclude Include="..\Classes\LSTG\GOSymbolNumber.h">
      <Filter>Classes\LSTG\Symbol</Filter>
    </ClInclude>
    <ClInclude Include="..\Classes\LSTG\GOSymbolBoolean.h">
      <Filter>Classes\LSTG\Symbol</Filter>
    </ClInclude>
    <ClInclude Include="..\Classes\Classes\XThreadPool.hpp">
      <Filter>Classes\Classes</Filter>
    </ClInclude>
    <ClInclude Include="..\Classes\Classes\XFileDialog.h">
      <Filter>Classes\Classes</Filter>
    </ClInclude>
    <ClInclude Include="..\Classes\LuaBindings\lua_FileDialog_auto.hpp">
      <Filter>Classes\LuaBindings</Filter>
    </ClInclude>
    <ClInclude Include="..\Classes\LuaBindings\lua_WindowHelper_auto.hpp">
      <Filter>Classes\LuaBindings</Filter>
    </ClInclude>
    <ClInclude Include="..\Classes\LSTG\ComponentData.h">
      <Filter>Classes\LSTG\GameComponent</Filter>
    </ClInclude>
    <ClInclude Include="..\Classes\LSTG\ComponentDataBlend.h">
      <Filter>Classes\LSTG\GameComponent</Filter>
    </ClInclude>
    <ClInclude Include="..\Classes\LSTG\ComponentDataColli.h">
      <Filter>Classes\LSTG\GameComponent</Filter>
    </ClInclude>
    <ClInclude Include="..\Classes\LSTG\ComponentDataParticle.h">
      <Filter>Classes\LSTG\GameComponent</Filter>
    </ClInclude>
    <ClInclude Include="..\Classes\LSTG\ComponentDataTrasform.h">
      <Filter>Classes\LSTG\GameComponent</Filter>
    </ClInclude>
    <ClInclude Include="..\Classes\LSTG\ComponentDataLabel.h">
      <Filter>Classes\LSTG\GameComponent</Filter>
    </ClInclude>
    <ClInclude Include="..\Classes\LSTG\ComponentDataAni.h">
      <Filter>Classes\LSTG\GameComponent</Filter>
    </ClInclude>
    <ClInclude Include="..\Classes\LSTG\ComponentManager.h">
      <Filter>Classes\LSTG\GameComponent</Filter>
    </ClInclude>
    <ClInclude Include="..\Classes\LuaBindings\lua_ParticlePool_auto.hpp">
      <Filter>Classes\LuaBindings</Filter>
    </ClInclude>
    <ClInclude Include="..\Classes\LSTG\ComponentDataVertex.h">
      <Filter>Classes\LSTG\GameComponent</Filter>
    </ClInclude>
    <ClInclude Include="..\Classes\LSTG\ComponentDataLight.h">
      <Filter>Classes\LSTG\GameComponent</Filter>
    </ClInclude>
    <ClInclude Include="..\Classes\LuaBindings\lua_ResourceMgr_auto.hpp">
      <Filter>Classes\LuaBindings</Filter>
    </ClInclude>
    <ClInclude Include="..\Classes\LuaBindings\lua_cc_controller_auto.hpp">
      <Filter>Classes\LuaBindings</Filter>
    </ClInclude>
    <ClInclude Include="..\Classes\LuaBindings\lua_cc_controller_manual.hpp">
      <Filter>Classes\LuaBindings</Filter>
    </ClInclude>
    <ClInclude Include="..\Classes\Classes\XTriangles.h">
      <Filter>Classes\Classes</Filter>
    </ClInclude>
    <ClInclude Include="..\Classes\LuaBindings\lua_XTriangles_auto.hpp">
      <Filter>Classes\LuaBindings</Filter>
    </ClInclude>
    <ClInclude Include="..\Classes\LSTG\GameClass.h">
      <Filter>Classes\LSTG</Filter>
    </ClInclude>
    <ClInclude Include="..\Classes\Live2D\Framework\src\CubismDefaultParameterId.hpp">
      <Filter>Classes\Live2D\Framework</Filter>
    </ClInclude>
    <ClInclude Include="..\Classes\Live2D\Framework\src\CubismFramework.hpp">
      <Filter>Classes\Live2D\Framework</Filter>
    </ClInclude>
    <ClInclude Include="..\Classes\Live2D\Framework\src\CubismFrameworkConfig.hpp">
      <Filter>Classes\Live2D\Framework</Filter>
    </ClInclude>
    <ClInclude Include="..\Classes\Live2D\Framework\src\CubismModelSettingJson.hpp">
      <Filter>Classes\Live2D\Framework</Filter>
    </ClInclude>
    <ClInclude Include="..\Classes\Live2D\Framework\src\ICubismAllocator.hpp">
      <Filter>Classes\Live2D\Framework</Filter>
    </ClInclude>
    <ClInclude Include="..\Classes\Live2D\Framework\src\ICubismModelSetting.hpp">
      <Filter>Classes\Live2D\Framework</Filter>
    </ClInclude>
    <ClInclude Include="..\Classes\Live2D\Framework\src\Live2DCubismCore.hpp">
      <Filter>Classes\Live2D\Framework</Filter>
    </ClInclude>
    <ClInclude Include="..\Classes\Live2D\Framework\src\Effect\CubismBreath.hpp">
      <Filter>Classes\Live2D\Framework\Effect</Filter>
    </ClInclude>
    <ClInclude Include="..\Classes\Live2D\Framework\src\Effect\CubismEyeBlink.hpp">
      <Filter>Classes\Live2D\Framework\Effect</Filter>
    </ClInclude>
    <ClInclude Include="..\Classes\Live2D\Framework\src\Effect\CubismPose.hpp">
      <Filter>Classes\Live2D\Framework\Effect</Filter>
    </ClInclude>
    <ClInclude Include="..\Classes\Live2D\Framework\src\Id\CubismId.hpp">
      <Filter>Classes\Live2D\Framework\Id</Filter>
    </ClInclude>
    <ClInclude Include="..\Classes\Live2D\Framework\src\Id\CubismIdManager.hpp">
      <Filter>Classes\Live2D\Framework\Id</Filter>
    </ClInclude>
    <ClInclude Include="..\Classes\Live2D\Framework\src\Math\CubismMath.hpp">
      <Filter>Classes\Live2D\Framework\Math</Filter>
    </ClInclude>
    <ClInclude Include="..\Classes\Live2D\Framework\src\Math\CubismMatrix44.hpp">
      <Filter>Classes\Live2D\Framework\Math</Filter>
    </ClInclude>
    <ClInclude Include="..\Classes\Live2D\Framework\src\Math\CubismModelMatrix.hpp">
      <Filter>Classes\Live2D\Framework\Math</Filter>
    </ClInclude>
    <ClInclude Include="..\Classes\Live2D\Framework\src\Math\CubismTargetPoint.hpp">
      <Filter>Classes\Live2D\Framework\Math</Filter>
    </ClInclude>
    <ClInclude Include="..\Classes\Live2D\Framework\src\Math\CubismVector2.hpp">
      <Filter>Classes\Live2D\Framework\Math</Filter>
    </ClInclude>
    <ClInclude Include="..\Classes\Live2D\Framework\src\Math\CubismViewMatrix.hpp">
      <Filter>Classes\Live2D\Framework\Math</Filter>
    </ClInclude>
    <ClInclude Include="..\Classes\Live2D\Framework\src\Model\CubismModel.hpp">
      <Filter>Classes\Live2D\Framework\Model</Filter>
    </ClInclude>
    <ClInclude Include="..\Classes\Live2D\Framework\src\Model\CubismModelUserData.hpp">
      <Filter>Classes\Live2D\Framework\Model</Filter>
    </ClInclude>
    <ClInclude Include="..\Classes\Live2D\Framework\src\Model\CubismModelUserDataJson.hpp">
      <Filter>Classes\Live2D\Framework\Model</Filter>
    </ClInclude>
    <ClInclude Include="..\Classes\Live2D\Framework\src\Model\CubismUserModel.hpp">
      <Filter>Classes\Live2D\Framework\Model</Filter>
    </ClInclude>
    <ClInclude Include="..\Classes\Live2D\Framework\src\Model\CubismMoc.hpp">
      <Filter>Classes\Live2D\Framework\Model</Filter>
    </ClInclude>
    <ClInclude Include="..\Classes\Live2D\Framework\src\Motion\CubismExpressionMotion.hpp">
      <Filter>Classes\Live2D\Framework\Motion</Filter>
    </ClInclude>
    <ClInclude Include="..\Classes\Live2D\Framework\src\Motion\CubismMotion.hpp">
      <Filter>Classes\Live2D\Framework\Motion</Filter>
    </ClInclude>
    <ClInclude Include="..\Classes\Live2D\Framework\src\Motion\CubismMotionInternal.hpp">
      <Filter>Classes\Live2D\Framework\Motion</Filter>
    </ClInclude>
    <ClInclude Include="..\Classes\Live2D\Framework\src\Motion\CubismMotionJson.hpp">
      <Filter>Classes\Live2D\Framework\Motion</Filter>
    </ClInclude>
    <ClInclude Include="..\Classes\Live2D\Framework\src\Motion\CubismMotionManager.hpp">
      <Filter>Classes\Live2D\Framework\Motion</Filter>
    </ClInclude>
    <ClInclude Include="..\Classes\Live2D\Framework\src\Motion\CubismMotionQueueEntry.hpp">
      <Filter>Classes\Live2D\Framework\Motion</Filter>
    </ClInclude>
    <ClInclude Include="..\Classes\Live2D\Framework\src\Motion\CubismMotionQueueManager.hpp">
      <Filter>Classes\Live2D\Framework\Motion</Filter>
    </ClInclude>
    <ClInclude Include="..\Classes\Live2D\Framework\src\Motion\ACubismMotion.hpp">
      <Filter>Classes\Live2D\Framework\Motion</Filter>
    </ClInclude>
    <ClInclude Include="..\Classes\Live2D\Framework\src\Physics\CubismPhysics.hpp">
      <Filter>Classes\Live2D\Framework\Physics</Filter>
    </ClInclude>
    <ClInclude Include="..\Classes\Live2D\Framework\src\Physics\CubismPhysicsInternal.hpp">
      <Filter>Classes\Live2D\Framework\Physics</Filter>
    </ClInclude>
    <ClInclude Include="..\Classes\Live2D\Framework\src\Physics\CubismPhysicsJson.hpp">
      <Filter>Classes\Live2D\Framework\Physics</Filter>
    </ClInclude>
    <ClInclude Include="..\Classes\Live2D\Framework\src\Type\csmRectF.hpp">
      <Filter>Classes\Live2D\Framework\Type</Filter>
    </ClInclude>
    <ClInclude Include="..\Classes\Live2D\Framework\src\Type\csmString.hpp">
      <Filter>Classes\Live2D\Framework\Type</Filter>
    </ClInclude>
    <ClInclude Include="..\Classes\Live2D\Framework\src\Type\csmVector.hpp">
      <Filter>Classes\Live2D\Framework\Type</Filter>
    </ClInclude>
    <ClInclude Include="..\Classes\Live2D\Framework\src\Type\CubismBasicType.hpp">
      <Filter>Classes\Live2D\Framework\Type</Filter>
    </ClInclude>
    <ClInclude Include="..\Classes\Live2D\Framework\src\Type\csmMap.hpp">
      <Filter>Classes\Live2D\Framework\Type</Filter>
    </ClInclude>
    <ClInclude Include="..\Classes\Live2D\Framework\src\Utils\CubismDebug.hpp">
      <Filter>Classes\Live2D\Framework\Utils</Filter>
    </ClInclude>
    <ClInclude Include="..\Classes\Live2D\Framework\src\Utils\CubismJson.hpp">
      <Filter>Classes\Live2D\Framework\Utils</Filter>
    </ClInclude>
    <ClInclude Include="..\Classes\Live2D\Framework\src\Utils\CubismString.hpp">
      <Filter>Classes\Live2D\Framework\Utils</Filter>
    </ClInclude>
    <ClInclude Include="..\Classes\Live2D\Framework\src\Rendering\CubismRenderer.hpp">
      <Filter>Classes\Live2D\Framework\Rendering</Filter>
    </ClInclude>
    <ClInclude Include="..\Classes\Live2D\Framework\src\Rendering\OpenGL\CubismRenderer_OpenGLES2.hpp">
      <Filter>Classes\Live2D\Framework\Rendering\OpenGL</Filter>
    </ClInclude>
  </ItemGroup>
  <ItemGroup>
    <ClCompile Include="main.cpp">
      <Filter>win32</Filter>
    </ClCompile>
    <ClCompile Include="stdafx.cpp">
      <Filter>win32</Filter>
    </ClCompile>
    <ClCompile Include="..\Classes\reader\animation\AnimateClip.cpp">
      <Filter>Classes\reader\animation</Filter>
    </ClCompile>
    <ClCompile Include="..\Classes\reader\animation\AnimationClip.cpp">
      <Filter>Classes\reader\animation</Filter>
    </ClCompile>
    <ClCompile Include="..\Classes\reader\animation\AnimationManager.cpp">
      <Filter>Classes\reader\animation</Filter>
    </ClCompile>
    <ClCompile Include="..\Classes\reader\animation\Bezier.cpp">
      <Filter>Classes\reader\animation</Filter>
    </ClCompile>
    <ClCompile Include="..\Classes\reader\animation\Easing.cpp">
      <Filter>Classes\reader\animation</Filter>
    </ClCompile>
    <ClCompile Include="..\Classes\reader\collider\Collider.cpp">
      <Filter>Classes\reader\collider</Filter>
    </ClCompile>
    <ClCompile Include="..\Classes\reader\collider\ColliderManager.cpp">
      <Filter>Classes\reader\collider</Filter>
    </ClCompile>
    <ClCompile Include="..\Classes\reader\collider\Contract.cpp">
      <Filter>Classes\reader\collider</Filter>
    </ClCompile>
    <ClCompile Include="..\Classes\reader\collider\Intersection.cpp">
      <Filter>Classes\reader\collider</Filter>
    </ClCompile>
    <ClCompile Include="..\Classes\reader\dragonbones\animation\Animation.cpp">
      <Filter>Classes\reader\dragonbones</Filter>
    </ClCompile>
    <ClCompile Include="..\Classes\reader\dragonbones\animation\AnimationState.cpp">
      <Filter>Classes\reader\dragonbones</Filter>
    </ClCompile>
    <ClCompile Include="..\Classes\reader\dragonbones\animation\TimelineState.cpp">
      <Filter>Classes\reader\dragonbones</Filter>
    </ClCompile>
    <ClCompile Include="..\Classes\reader\dragonbones\animation\WorldClock.cpp">
      <Filter>Classes\reader\dragonbones</Filter>
    </ClCompile>
    <ClCompile Include="..\Classes\reader\dragonbones\armature\Armature.cpp">
      <Filter>Classes\reader\dragonbones</Filter>
    </ClCompile>
    <ClCompile Include="..\Classes\reader\dragonbones\armature\Bone.cpp">
      <Filter>Classes\reader\dragonbones</Filter>
    </ClCompile>
    <ClCompile Include="..\Classes\reader\dragonbones\armature\Slot.cpp">
      <Filter>Classes\reader\dragonbones</Filter>
    </ClCompile>
    <ClCompile Include="..\Classes\reader\dragonbones\cocos2dx\CCArmatureDisplay.cpp">
      <Filter>Classes\reader\dragonbones</Filter>
    </ClCompile>
    <ClCompile Include="..\Classes\reader\dragonbones\cocos2dx\CCFactory.cpp">
      <Filter>Classes\reader\dragonbones</Filter>
    </ClCompile>
    <ClCompile Include="..\Classes\reader\dragonbones\cocos2dx\CCSlot.cpp">
      <Filter>Classes\reader\dragonbones</Filter>
    </ClCompile>
    <ClCompile Include="..\Classes\reader\dragonbones\cocos2dx\CCTextureData.cpp">
      <Filter>Classes\reader\dragonbones</Filter>
    </ClCompile>
    <ClCompile Include="..\Classes\reader\dragonbones\core\BaseObject.cpp">
      <Filter>Classes\reader\dragonbones</Filter>
    </ClCompile>
    <ClCompile Include="..\Classes\reader\dragonbones\events\EventObject.cpp">
      <Filter>Classes\reader\dragonbones</Filter>
    </ClCompile>
    <ClCompile Include="..\Classes\reader\dragonbones\factories\BaseFactory.cpp">
      <Filter>Classes\reader\dragonbones</Filter>
    </ClCompile>
    <ClCompile Include="..\Classes\reader\dragonbones\model\AnimationData.cpp">
      <Filter>Classes\reader\dragonbones</Filter>
    </ClCompile>
    <ClCompile Include="..\Classes\reader\dragonbones\model\ArmatureData.cpp">
      <Filter>Classes\reader\dragonbones</Filter>
    </ClCompile>
    <ClCompile Include="..\Classes\reader\dragonbones\model\DragonBonesData.cpp">
      <Filter>Classes\reader\dragonbones</Filter>
    </ClCompile>
    <ClCompile Include="..\Classes\reader\dragonbones\model\FrameData.cpp">
      <Filter>Classes\reader\dragonbones</Filter>
    </ClCompile>
    <ClCompile Include="..\Classes\reader\dragonbones\model\TimelineData.cpp">
      <Filter>Classes\reader\dragonbones</Filter>
    </ClCompile>
    <ClCompile Include="..\Classes\reader\dragonbones\parsers\DataParser.cpp">
      <Filter>Classes\reader\dragonbones</Filter>
    </ClCompile>
    <ClCompile Include="..\Classes\reader\dragonbones\parsers\JSONDataParser.cpp">
      <Filter>Classes\reader\dragonbones</Filter>
    </ClCompile>
    <ClCompile Include="..\Classes\reader\dragonbones\textures\TextureData.cpp">
      <Filter>Classes\reader\dragonbones</Filter>
    </ClCompile>
    <ClCompile Include="..\Classes\reader\lua-bindings\creator_reader_bindings.cpp">
      <Filter>Classes\reader\lua-bindings</Filter>
    </ClCompile>
    <ClCompile Include="..\Classes\reader\lua-bindings\dragonbones\lua_dragonbones_auto.cpp">
      <Filter>Classes\reader\lua-bindings</Filter>
    </ClCompile>
    <ClCompile Include="..\Classes\reader\lua-bindings\dragonbones\lua_dragonbones_manual.cpp">
      <Filter>Classes\reader\lua-bindings</Filter>
    </ClCompile>
    <ClCompile Include="..\Classes\reader\lua-bindings\reader\lua_creator_reader_auto.cpp">
      <Filter>Classes\reader\lua-bindings</Filter>
    </ClCompile>
    <ClCompile Include="..\Classes\reader\lua-bindings\reader\lua_creator_reader_manual.cpp">
      <Filter>Classes\reader\lua-bindings</Filter>
    </ClCompile>
    <ClCompile Include="..\Classes\reader\ui\PageView.cpp">
      <Filter>Classes\reader\ui</Filter>
    </ClCompile>
    <ClCompile Include="..\Classes\reader\ui\RichtextStringVisitor.cpp">
      <Filter>Classes\reader\ui</Filter>
    </ClCompile>
    <ClCompile Include="..\Classes\reader\CreatorReader.cpp">
      <Filter>Classes\reader</Filter>
    </ClCompile>
    <ClCompile Include="..\Classes\Audio\ALSupport.cpp">
      <Filter>Classes\Audio</Filter>
    </ClCompile>
    <ClCompile Include="..\Classes\Audio\AudioCache.cpp">
      <Filter>Classes\Audio</Filter>
    </ClCompile>
    <ClCompile Include="..\Classes\Audio\AudioDecoder.cpp">
      <Filter>Classes\Audio</Filter>
    </ClCompile>
    <ClCompile Include="..\Classes\Audio\AudioDecoderManager.cpp">
      <Filter>Classes\Audio</Filter>
    </ClCompile>
    <ClCompile Include="..\Classes\Audio\AudioDecoderOgg.cpp">
      <Filter>Classes\Audio</Filter>
    </ClCompile>
    <ClCompile Include="..\Classes\Audio\AudioDecoderWav.cpp">
      <Filter>Classes\Audio</Filter>
    </ClCompile>
    <ClCompile Include="..\Classes\Audio\AudioEngine.cpp">
      <Filter>Classes\Audio</Filter>
    </ClCompile>
    <ClCompile Include="..\Classes\Audio\AudioEngineImpl.cpp">
      <Filter>Classes\Audio</Filter>
    </ClCompile>
    <ClCompile Include="..\Classes\Audio\AudioParam.cpp">
      <Filter>Classes\Audio</Filter>
    </ClCompile>
    <ClCompile Include="..\Classes\Audio\AudioPlayer.cpp">
      <Filter>Classes\Audio</Filter>
    </ClCompile>
    <ClCompile Include="..\Classes\Classes\ControllerHelper.cpp">
      <Filter>Classes\Classes</Filter>
    </ClCompile>
    <ClCompile Include="..\Classes\Classes\LabelPool.cpp">
      <Filter>Classes\Classes</Filter>
    </ClCompile>
    <ClCompile Include="..\Classes\Classes\MemPoolManager.cpp">
      <Filter>Classes\Classes</Filter>
    </ClCompile>
    <ClCompile Include="..\Classes\Classes\XFileUtils.cpp">
      <Filter>Classes\Classes</Filter>
    </ClCompile>
    <ClCompile Include="..\Classes\Classes\XLabel.cpp">
      <Filter>Classes\Classes</Filter>
    </ClCompile>
    <ClCompile Include="..\Classes\Classes\XProfiler.cpp">
      <Filter>Classes\Classes</Filter>
    </ClCompile>
    <ClCompile Include="..\Classes\Classes\XTrianglesCommand.cpp">
      <Filter>Classes\Classes</Filter>
    </ClCompile>
    <ClCompile Include="..\Classes\fcyLib\fcyMisc\fcyHash.cpp">
      <Filter>Classes\fcyLib\fcyMisc</Filter>
    </ClCompile>
    <ClCompile Include="..\Classes\fcyLib\fcyMisc\fcyRandom.cpp">
      <Filter>Classes\fcyLib\fcyMisc</Filter>
    </ClCompile>
    <ClCompile Include="..\Classes\fcyLib\fcyMisc\fcyStopWatch.cpp">
      <Filter>Classes\fcyLib\fcyMisc</Filter>
    </ClCompile>
    <ClCompile Include="..\Classes\fcyLib\fcyMisc\fcyStringHelper.cpp">
      <Filter>Classes\fcyLib\fcyMisc</Filter>
    </ClCompile>
    <ClCompile Include="..\Classes\fcyLib\fcyParser\fcyPathParser.cpp">
      <Filter>Classes\fcyLib\fcyParser</Filter>
    </ClCompile>
    <ClCompile Include="..\Classes\fcyLib\fcyStream.cpp">
      <Filter>Classes\fcyLib</Filter>
    </ClCompile>
    <ClCompile Include="..\Classes\fcyLib\fcyBinaryHelper.cpp">
      <Filter>Classes\fcyLib</Filter>
    </ClCompile>
    <ClCompile Include="..\Classes\LSTG\AppFrame.cpp">
      <Filter>Classes\LSTG</Filter>
    </ClCompile>
    <ClCompile Include="..\Classes\LSTG\BlendMode.cpp">
      <Filter>Classes\LSTG</Filter>
    </ClCompile>
    <ClCompile Include="..\Classes\LSTG\CollisionDetect.cpp">
      <Filter>Classes\LSTG</Filter>
    </ClCompile>
    <ClCompile Include="..\Classes\LSTG\GameObjectBentLaser.cpp">
      <Filter>Classes\LSTG</Filter>
    </ClCompile>
    <ClCompile Include="..\Classes\LSTG\GameObjectPool.cpp">
      <Filter>Classes\LSTG</Filter>
    </ClCompile>
    <ClCompile Include="..\Classes\LSTG\GameObjectPropertyHash.cpp">
      <Filter>Classes\LSTG</Filter>
    </ClCompile>
    <ClCompile Include="..\Classes\LSTG\LogSystem.cpp">
      <Filter>Classes\LSTG</Filter>
    </ClCompile>
    <ClCompile Include="..\Classes\LSTG\ResourceMgr.cpp">
      <Filter>Classes\LSTG</Filter>
    </ClCompile>
    <ClCompile Include="..\Classes\Video\SpriteVideo.cpp">
      <Filter>Classes\Video</Filter>
    </ClCompile>
    <ClCompile Include="..\Classes\Video\VideoDecoder.cpp">
      <Filter>Classes\Video</Filter>
    </ClCompile>
    <ClCompile Include="SimulatorWin.cpp">
      <Filter>win32</Filter>
    </ClCompile>
    <ClCompile Include="..\Classes\LuaExtensions\lfs\lfs.cpp">
      <Filter>Classes\LuaExtensions\lfs</Filter>
    </ClCompile>
    <ClCompile Include="..\Classes\LSTG\LW_Audio.cpp">
      <Filter>Classes\LSTG\LWBase</Filter>
    </ClCompile>
    <ClCompile Include="..\Classes\LSTG\LW_Frame.cpp">
      <Filter>Classes\LSTG\LWBase</Filter>
    </ClCompile>
    <ClCompile Include="..\Classes\LSTG\LW_Graph.cpp">
      <Filter>Classes\LSTG\LWBase</Filter>
    </ClCompile>
    <ClCompile Include="..\Classes\LSTG\LW_Input.cpp">
      <Filter>Classes\LSTG\LWBase</Filter>
    </ClCompile>
    <ClCompile Include="..\Classes\LSTG\LW_Math.cpp">
      <Filter>Classes\LSTG\LWBase</Filter>
    </ClCompile>
    <ClCompile Include="..\Classes\LSTG\LW_Object.cpp">
      <Filter>Classes\LSTG\LWBase</Filter>
    </ClCompile>
    <ClCompile Include="..\Classes\LSTG\LW_Render.cpp">
      <Filter>Classes\LSTG\LWBase</Filter>
    </ClCompile>
    <ClCompile Include="..\Classes\LSTG\LW_Text.cpp">
      <Filter>Classes\LSTG\LWBase</Filter>
    </ClCompile>
    <ClCompile Include="..\Classes\LSTG\LuaWrapper.cpp">
      <Filter>Classes\LSTG\LuaWrapper</Filter>
    </ClCompile>
    <ClCompile Include="..\Classes\LSTG\LuaWrapperEx.cpp">
      <Filter>Classes\LSTG\LuaWrapper</Filter>
    </ClCompile>
    <ClCompile Include="..\Classes\LSTG\LWBuiltInFunction.cpp">
      <Filter>Classes\LSTG\LuaWrapper</Filter>
    </ClCompile>
    <ClCompile Include="..\Classes\LSTG\LWColor.cpp">
      <Filter>Classes\LSTG\LuaWrapper</Filter>
    </ClCompile>
    <ClCompile Include="..\Classes\LSTG\LWProfiler.cpp">
      <Filter>Classes\LSTG\LuaWrapper</Filter>
    </ClCompile>
    <ClCompile Include="..\Classes\LSTG\LWRandomizer.cpp">
      <Filter>Classes\LSTG\LuaWrapper</Filter>
    </ClCompile>
    <ClCompile Include="..\Classes\LSTG\ResAnimation.cpp">
      <Filter>Classes\LSTG\GameRes</Filter>
    </ClCompile>
    <ClCompile Include="..\Classes\LSTG\ResAudio.cpp">
      <Filter>Classes\LSTG\GameRes</Filter>
    </ClCompile>
    <ClCompile Include="..\Classes\LSTG\ResBase.cpp">
      <Filter>Classes\LSTG\GameRes</Filter>
    </ClCompile>
    <ClCompile Include="..\Classes\LSTG\ResFont.cpp">
      <Filter>Classes\LSTG\GameRes</Filter>
    </ClCompile>
    <ClCompile Include="..\Classes\LSTG\ResFX.cpp">
      <Filter>Classes\LSTG\GameRes</Filter>
    </ClCompile>
    <ClCompile Include="..\Classes\LSTG\ResParticle.cpp">
      <Filter>Classes\LSTG\GameRes</Filter>
    </ClCompile>
    <ClCompile Include="..\Classes\LSTG\ResRenderTarget.cpp">
      <Filter>Classes\LSTG\GameRes</Filter>
    </ClCompile>
    <ClCompile Include="..\Classes\LSTG\ResSprite.cpp">
      <Filter>Classes\LSTG\GameRes</Filter>
    </ClCompile>
    <ClCompile Include="..\Classes\LSTG\ResTexture.cpp">
      <Filter>Classes\LSTG\GameRes</Filter>
    </ClCompile>
    <ClCompile Include="..\Classes\LSTG\UnicodeStringEncoding.cpp">
      <Filter>Classes\LSTG\util</Filter>
    </ClCompile>
    <ClCompile Include="..\Classes\LSTG\Utility.cpp">
      <Filter>Classes\LSTG\util</Filter>
    </ClCompile>
    <ClCompile Include="..\Classes\LSTG\Renderer.cpp">
      <Filter>Classes\LSTG</Filter>
    </ClCompile>
    <ClCompile Include="..\Classes\LSTG\InputManager.cpp">
      <Filter>Classes\LSTG</Filter>
    </ClCompile>
    <ClCompile Include="WindowHelperWin32.cpp">
      <Filter>win32</Filter>
    </ClCompile>
    <ClCompile Include="..\Classes\Classes\WindowHelper.cpp">
      <Filter>Classes\Classes</Filter>
    </ClCompile>
    <ClCompile Include="..\Classes\Live2D\LAppAllocator.cpp">
      <Filter>Classes\Live2D</Filter>
    </ClCompile>
    <ClCompile Include="..\Classes\Live2D\LAppDefine.cpp">
      <Filter>Classes\Live2D</Filter>
    </ClCompile>
    <ClCompile Include="..\Classes\Live2D\LAppModel.cpp">
      <Filter>Classes\Live2D</Filter>
    </ClCompile>
    <ClCompile Include="..\Classes\Live2D\LAppPal.cpp">
      <Filter>Classes\Live2D</Filter>
    </ClCompile>
    <ClCompile Include="..\Classes\Live2D\XLive2D.cpp">
      <Filter>Classes\Live2D</Filter>
    </ClCompile>
    <ClCompile Include="..\Classes\Live2D\lua_x_L2D_auto.cpp">
      <Filter>Classes\Live2D</Filter>
    </ClCompile>
    <ClCompile Include="..\Classes\Live2D\Model.cpp">
      <Filter>Classes\Live2D</Filter>
    </ClCompile>
    <ClCompile Include="..\Classes\LSTG\UtilLua.cpp">
      <Filter>Classes\LSTG\util</Filter>
    </ClCompile>
    <ClCompile Include="..\Classes\LSTG\UtilShader.cpp">
      <Filter>Classes\LSTG\util</Filter>
    </ClCompile>
    <ClCompile Include="..\Classes\Audio\Common.cpp">
      <Filter>Classes\Audio\nqr</Filter>
    </ClCompile>
    <ClCompile Include="..\Classes\Audio\RiffUtils.cpp">
      <Filter>Classes\Audio\nqr</Filter>
    </ClCompile>
    <ClCompile Include="..\Classes\LSTG\UtilLuaRes.cpp">
      <Filter>Classes\LSTG\util</Filter>
    </ClCompile>
    <ClCompile Include="..\Classes\Math\XComplex.cpp">
      <Filter>Classes\Math</Filter>
    </ClCompile>
    <ClCompile Include="..\Classes\Math\XCollision.cpp">
      <Filter>Classes\Math</Filter>
    </ClCompile>
    <ClCompile Include="..\Classes\Math\XDistance.cpp">
      <Filter>Classes\Math</Filter>
    </ClCompile>
    <ClCompile Include="..\Classes\Math\XEquation.cpp">
      <Filter>Classes\Math</Filter>
    </ClCompile>
    <ClCompile Include="..\Classes\Math\XIntersect.cpp">
      <Filter>Classes\Math</Filter>
    </ClCompile>
    <ClCompile Include="..\Classes\Math\XSpline.cpp">
      <Filter>Classes\Math</Filter>
    </ClCompile>
    <ClCompile Include="..\Classes\LSTG\UtilGLDefinition.cpp">
      <Filter>Classes\LSTG\util</Filter>
    </ClCompile>
    <ClCompile Include="..\Classes\LSTG\UtilColor.cpp">
      <Filter>Classes\LSTG\util</Filter>
    </ClCompile>
    <ClCompile Include="..\Classes\LuaBindings\lua_BentLaser_auto.cpp">
      <Filter>Classes\LuaBindings</Filter>
    </ClCompile>
    <ClCompile Include="..\Classes\LuaBindings\lua_BlendMode_auto.cpp">
      <Filter>Classes\LuaBindings</Filter>
    </ClCompile>
    <ClCompile Include="..\Classes\LuaBindings\lua_LogSystem_auto.cpp">
      <Filter>Classes\LuaBindings</Filter>
    </ClCompile>
    <ClCompile Include="..\Classes\LuaBindings\lua_Random_auto.cpp">
      <Filter>Classes\LuaBindings</Filter>
    </ClCompile>
    <ClCompile Include="..\Classes\LuaBindings\lua_Resource_auto.cpp">
      <Filter>Classes\LuaBindings</Filter>
    </ClCompile>
    <ClCompile Include="..\Classes\Math\XFFT.cpp">
      <Filter>Classes\Math</Filter>
    </ClCompile>
    <ClCompile Include="..\Classes\Math\XRandom.cpp">
      <Filter>Classes\Math</Filter>
    </ClCompile>
    <ClCompile Include="..\Classes\Classes\Randomizer.cpp">
      <Filter>Classes\Classes</Filter>
    </ClCompile>
    <ClCompile Include="..\Classes\LSTG\GameObjectSymbol.cpp">
      <Filter>Classes\LSTG\Symbol</Filter>
    </ClCompile>
    <ClCompile Include="..\Classes\LSTG\GOSymbolNumber.cpp">
      <Filter>Classes\LSTG\Symbol</Filter>
    </ClCompile>
    <ClCompile Include="..\Classes\LSTG\GOSymbolBoolean.cpp">
      <Filter>Classes\LSTG\Symbol</Filter>
    </ClCompile>
    <ClCompile Include="..\Classes\LuaBindings\lua_ObjSym_auto.cpp">
      <Filter>Classes\LuaBindings</Filter>
    </ClCompile>
    <ClCompile Include="..\Classes\Classes\XFileDialog.cpp">
      <Filter>Classes\Classes</Filter>
    </ClCompile>
    <ClCompile Include="..\Classes\LuaBindings\lua_FileDialog_auto.cpp">
      <Filter>Classes\LuaBindings</Filter>
    </ClCompile>
    <ClCompile Include="..\Classes\LuaBindings\lua_WindowHelper_auto.cpp">
      <Filter>Classes\LuaBindings</Filter>
    </ClCompile>
    <ClCompile Include="..\Classes\LSTG\ComponentData.cpp">
      <Filter>Classes\LSTG\GameComponent</Filter>
    </ClCompile>
    <ClCompile Include="..\Classes\LSTG\ComponentDataBlend.cpp">
      <Filter>Classes\LSTG\GameComponent</Filter>
    </ClCompile>
    <ClCompile Include="..\Classes\LSTG\ComponentDataColli.cpp">
      <Filter>Classes\LSTG\GameComponent</Filter>
    </ClCompile>
    <ClCompile Include="..\Classes\LSTG\ComponentDataParticle.cpp">
      <Filter>Classes\LSTG\GameComponent</Filter>
    </ClCompile>
    <ClCompile Include="..\Classes\LSTG\ComponentDataTrasform.cpp">
      <Filter>Classes\LSTG\GameComponent</Filter>
    </ClCompile>
    <ClCompile Include="..\Classes\LSTG\ComponentDataLabel.cpp">
      <Filter>Classes\LSTG\GameComponent</Filter>
    </ClCompile>
    <ClCompile Include="..\Classes\LSTG\ComponentDataAni.cpp">
      <Filter>Classes\LSTG\GameComponent</Filter>
    </ClCompile>
    <ClCompile Include="..\Classes\LSTG\ComponentManager.cpp">
      <Filter>Classes\LSTG\GameComponent</Filter>
    </ClCompile>
    <ClCompile Include="..\Classes\LuaBindings\lua_ParticlePool_auto.cpp">
      <Filter>Classes\LuaBindings</Filter>
    </ClCompile>
    <ClCompile Include="..\Classes\LSTG\ComponentDataVertex.cpp">
      <Filter>Classes\LSTG\GameComponent</Filter>
    </ClCompile>
    <ClCompile Include="..\Classes\LSTG\ComponentDataLight.cpp">
      <Filter>Classes\LSTG\GameComponent</Filter>
    </ClCompile>
    <ClCompile Include="..\Classes\LuaBindings\lua_ResourceMgr_auto.cpp">
      <Filter>Classes\LuaBindings</Filter>
    </ClCompile>
    <ClCompile Include="..\Classes\LuaBindings\lua_cc_controller_auto.cpp">
      <Filter>Classes\LuaBindings</Filter>
    </ClCompile>
    <ClCompile Include="..\Classes\LuaBindings\lua_cc_controller_manual.cpp">
      <Filter>Classes\LuaBindings</Filter>
    </ClCompile>
    <ClCompile Include="..\Classes\Classes\XTriangles.cpp">
      <Filter>Classes\Classes</Filter>
    </ClCompile>
    <ClCompile Include="..\Classes\LuaBindings\lua_XTriangles_auto.cpp">
      <Filter>Classes\LuaBindings</Filter>
    </ClCompile>
    <ClCompile Include="..\Classes\LSTG\GameClass.cpp">
      <Filter>Classes\LSTG</Filter>
    </ClCompile>
    <ClCompile Include="..\Classes\Live2D\Framework\src\CubismDefaultParameterId.cpp">
      <Filter>Classes\Live2D\Framework</Filter>
    </ClCompile>
    <ClCompile Include="..\Classes\Live2D\Framework\src\CubismFramework.cpp">
      <Filter>Classes\Live2D\Framework</Filter>
    </ClCompile>
    <ClCompile Include="..\Classes\Live2D\Framework\src\CubismModelSettingJson.cpp">
      <Filter>Classes\Live2D\Framework</Filter>
    </ClCompile>
    <ClCompile Include="..\Classes\Live2D\Framework\src\Effect\CubismEyeBlink.cpp">
      <Filter>Classes\Live2D\Framework\Effect</Filter>
    </ClCompile>
    <ClCompile Include="..\Classes\Live2D\Framework\src\Effect\CubismPose.cpp">
      <Filter>Classes\Live2D\Framework\Effect</Filter>
    </ClCompile>
    <ClCompile Include="..\Classes\Live2D\Framework\src\Effect\CubismBreath.cpp">
      <Filter>Classes\Live2D\Framework\Effect</Filter>
    </ClCompile>
    <ClCompile Include="..\Classes\Live2D\Framework\src\Id\CubismId.cpp">
      <Filter>Classes\Live2D\Framework\Id</Filter>
    </ClCompile>
    <ClCompile Include="..\Classes\Live2D\Framework\src\Id\CubismIdManager.cpp">
      <Filter>Classes\Live2D\Framework\Id</Filter>
    </ClCompile>
    <ClCompile Include="..\Classes\Live2D\Framework\src\Math\CubismMatrix44.cpp">
      <Filter>Classes\Live2D\Framework\Math</Filter>
    </ClCompile>
    <ClCompile Include="..\Classes\Live2D\Framework\src\Math\CubismModelMatrix.cpp">
      <Filter>Classes\Live2D\Framework\Math</Filter>
    </ClCompile>
    <ClCompile Include="..\Classes\Live2D\Framework\src\Math\CubismTargetPoint.cpp">
      <Filter>Classes\Live2D\Framework\Math</Filter>
    </ClCompile>
    <ClCompile Include="..\Classes\Live2D\Framework\src\Math\CubismVector2.cpp">
      <Filter>Classes\Live2D\Framework\Math</Filter>
    </ClCompile>
    <ClCompile Include="..\Classes\Live2D\Framework\src\Math\CubismViewMatrix.cpp">
      <Filter>Classes\Live2D\Framework\Math</Filter>
    </ClCompile>
    <ClCompile Include="..\Classes\Live2D\Framework\src\Math\CubismMath.cpp">
      <Filter>Classes\Live2D\Framework\Math</Filter>
    </ClCompile>
    <ClCompile Include="..\Classes\Live2D\Framework\src\Model\CubismModel.cpp">
      <Filter>Classes\Live2D\Framework\Model</Filter>
    </ClCompile>
    <ClCompile Include="..\Classes\Live2D\Framework\src\Model\CubismModelUserData.cpp">
      <Filter>Classes\Live2D\Framework\Model</Filter>
    </ClCompile>
    <ClCompile Include="..\Classes\Live2D\Framework\src\Model\CubismModelUserDataJson.cpp">
      <Filter>Classes\Live2D\Framework\Model</Filter>
    </ClCompile>
    <ClCompile Include="..\Classes\Live2D\Framework\src\Model\CubismUserModel.cpp">
      <Filter>Classes\Live2D\Framework\Model</Filter>
    </ClCompile>
    <ClCompile Include="..\Classes\Live2D\Framework\src\Model\CubismMoc.cpp">
      <Filter>Classes\Live2D\Framework\Model</Filter>
    </ClCompile>
    <ClCompile Include="..\Classes\Live2D\Framework\src\Motion\CubismExpressionMotion.cpp">
      <Filter>Classes\Live2D\Framework\Motion</Filter>
    </ClCompile>
    <ClCompile Include="..\Classes\Live2D\Framework\src\Motion\CubismMotion.cpp">
      <Filter>Classes\Live2D\Framework\Motion</Filter>
    </ClCompile>
    <ClCompile Include="..\Classes\Live2D\Framework\src\Motion\CubismMotionJson.cpp">
      <Filter>Classes\Live2D\Framework\Motion</Filter>
    </ClCompile>
    <ClCompile Include="..\Classes\Live2D\Framework\src\Motion\CubismMotionManager.cpp">
      <Filter>Classes\Live2D\Framework\Motion</Filter>
    </ClCompile>
    <ClCompile Include="..\Classes\Live2D\Framework\src\Motion\CubismMotionQueueEntry.cpp">
      <Filter>Classes\Live2D\Framework\Motion</Filter>
    </ClCompile>
    <ClCompile Include="..\Classes\Live2D\Framework\src\Motion\CubismMotionQueueManager.cpp">
      <Filter>Classes\Live2D\Framework\Motion</Filter>
    </ClCompile>
    <ClCompile Include="..\Classes\Live2D\Framework\src\Motion\ACubismMotion.cpp">
      <Filter>Classes\Live2D\Framework\Motion</Filter>
    </ClCompile>
    <ClCompile Include="..\Classes\Live2D\Framework\src\Physics\CubismPhysicsJson.cpp">
      <Filter>Classes\Live2D\Framework\Physics</Filter>
    </ClCompile>
    <ClCompile Include="..\Classes\Live2D\Framework\src\Physics\CubismPhysics.cpp">
      <Filter>Classes\Live2D\Framework\Physics</Filter>
    </ClCompile>
    <ClCompile Include="..\Classes\Live2D\Framework\src\Type\csmString.cpp">
      <Filter>Classes\Live2D\Framework\Type</Filter>
    </ClCompile>
    <ClCompile Include="..\Classes\Live2D\Framework\src\Type\csmRectF.cpp">
      <Filter>Classes\Live2D\Framework\Type</Filter>
    </ClCompile>
    <ClCompile Include="..\Classes\Live2D\Framework\src\Utils\CubismDebug.cpp">
      <Filter>Classes\Live2D\Framework\Utils</Filter>
    </ClCompile>
    <ClCompile Include="..\Classes\Live2D\Framework\src\Utils\CubismJson.cpp">
      <Filter>Classes\Live2D\Framework\Utils</Filter>
    </ClCompile>
    <ClCompile Include="..\Classes\Live2D\Framework\src\Utils\CubismString.cpp">
      <Filter>Classes\Live2D\Framework\Utils</Filter>
    </ClCompile>
    <ClCompile Include="..\Classes\Live2D\Framework\src\Rendering\CubismRenderer.cpp">
      <Filter>Classes\Live2D\Framework\Rendering</Filter>
    </ClCompile>
    <ClCompile Include="..\Classes\Live2D\Framework\src\Rendering\OpenGL\CubismRenderer_OpenGLES2.cpp">
      <Filter>Classes\Live2D\Framework\Rendering\OpenGL</Filter>
    </ClCompile>
  </ItemGroup>
  <ItemGroup>
    <ResourceCompile Include="game.rc">
      <Filter>resource</Filter>
    </ResourceCompile>
  </ItemGroup>
  <ItemGroup>
    <Image Include="res\game.ico" />
  </ItemGroup>
</Project>